<Solution>
  <Project Path="CppApiServer.Test/CppApiServer.Test.vcxproj" />
  <Project Path="CppApiServer\CppApiServer.vcxproj" Id="a1b2c3d4-e5f6-7890-abcd-ef1234567890" />
  <Project Path="WsDemoMobileApp.WindowsApp.Test/WsDemoMobileApp.WindowsApp.Test.vcxproj" />
  <Project Path="WsDemoMobileApp.WindowsApp\WsDemoMobileApp.WindowsApp.vcxproj" />
</Solution>
