Microsoft Visual Studio Solution File, Format Version 12.00
# Visual Studio Version 18
VisualStudioVersion = 18.4.11519.219 insiders
MinimumVisualStudioVersion = 10.0.40219.1
Project("{8BC9CEB8-8B4A-11D0-8D11-00A0C91BC942}") = "CppApiServer", "CppApiServer\CppApiServer.vcxproj", "{A1B2C3D4-E5F6-7890-ABCD-EF1234567890}"
EndProject
Project("{8BC9CEB8-8B4A-11D0-8D11-00A0C91BC942}") = "WsDemoMobileApp.WindowsApp", "WsDemoMobileApp.WindowsApp\WsDemoMobileApp.WindowsApp.vcxproj", "{8AB7420C-458C-8247-8F71-7BD490A82361}"
EndProject
Project("{8BC9CEB8-8B4A-11D0-8D11-00A0C91BC942}") = "CppApiServer.Test", "CppApiServer.Test\CppApiServer.Test.vcxproj", "{CBD33E86-C1BC-8F4D-F339-FD874BD63A13}"
EndProject
Project("{8BC9CEB8-8B4A-11D0-8D11-00A0C91BC942}") = "WsDemoMobileApp.WindowsApp.Test", "WsDemoMobileApp.WindowsApp.Test\WsDemoMobileApp.WindowsApp.Test.vcxproj", "{78F12537-4437-96A0-537A-B212BEBFA4FF}"
EndProject
Global
	GlobalSection(SolutionConfigurationPlatforms) = preSolution
		Debug|x64 = Debug|x64
		Release|x64 = Release|x64
	EndGlobalSection
	GlobalSection(ProjectConfigurationPlatforms) = postSolution
		{A1B2C3D4-E5F6-7890-ABCD-EF1234567890}.Debug|x64.ActiveCfg = Debug|x64
		{A1B2C3D4-E5F6-7890-ABCD-EF1234567890}.Debug|x64.Build.0 = Debug|x64
		{A1B2C3D4-E5F6-7890-ABCD-EF1234567890}.Release|x64.ActiveCfg = Release|x64
		{A1B2C3D4-E5F6-7890-ABCD-EF1234567890}.Release|x64.Build.0 = Release|x64
		{8AB7420C-458C-8247-8F71-7BD490A82361}.Debug|x64.ActiveCfg = Debug|x64
		{8AB7420C-458C-8247-8F71-7BD490A82361}.Debug|x64.Build.0 = Debug|x64
		{8AB7420C-458C-8247-8F71-7BD490A82361}.Release|x64.ActiveCfg = Release|x64
		{8AB7420C-458C-8247-8F71-7BD490A82361}.Release|x64.Build.0 = Release|x64
		{CBD33E86-C1BC-8F4D-F339-FD874BD63A13}.Debug|x64.ActiveCfg = Debug|x64
		{CBD33E86-C1BC-8F4D-F339-FD874BD63A13}.Debug|x64.Build.0 = Debug|x64
		{CBD33E86-C1BC-8F4D-F339-FD874BD63A13}.Release|x64.ActiveCfg = Release|x64
		{CBD33E86-C1BC-8F4D-F339-FD874BD63A13}.Release|x64.Build.0 = Release|x64
		{78F12537-4437-96A0-537A-B212BEBFA4FF}.Debug|x64.ActiveCfg = Debug|x64
		{78F12537-4437-96A0-537A-B212BEBFA4FF}.Debug|x64.Build.0 = Debug|x64
		{78F12537-4437-96A0-537A-B212BEBFA4FF}.Release|x64.ActiveCfg = Release|x64
		{78F12537-4437-96A0-537A-B212BEBFA4FF}.Release|x64.Build.0 = Release|x64
	EndGlobalSection
	GlobalSection(SolutionProperties) = preSolution
		HideSolutionNode = FALSE
	EndGlobalSection
EndGlobal
